
Microsoft Visual Studio Solution File, Format Version 12.00
# Visual Studio Version 17
VisualStudioVersion = 17.3.32901.215
MinimumVisualStudioVersion = 10.0.40219.1
Project("{FAE04EC0-301F-11D3-BF4B-00C04F79EFBC}") = "Bolum2 Uygulama1-1", "Bolum2 Uygulama1-1\Bolum2 Uygulama1-1.csproj", "{EFDF9718-3B4D-4A48-B256-495442475B9C}"
EndProject
Global
	GlobalSection(SolutionConfigurationPlatforms) = preSolution
		Debug|Any CPU = Debug|Any CPU
		Release|Any CPU = Release|Any CPU
	EndGlobalSection
	GlobalSection(ProjectConfigurationPlatforms) = postSolution
		{EFDF9718-3B4D-4A48-B256-495442475B9C}.Debug|Any CPU.ActiveCfg = Debug|Any CPU
		{EFDF9718-3B4D-4A48-B256-495442475B9C}.Debug|Any CPU.Build.0 = Debug|Any CPU
		{EFDF9718-3B4D-4A48-B256-495442475B9C}.Release|Any CPU.ActiveCfg = Release|Any CPU
		{EFDF9718-3B4D-4A48-B256-495442475B9C}.Release|Any CPU.Build.0 = Release|Any CPU
	EndGlobalSection
	GlobalSection(SolutionProperties) = preSolution
		HideSolutionNode = FALSE
	EndGlobalSection
	GlobalSection(ExtensibilityGlobals) = postSolution
		SolutionGuid = {72EDB428-F4B2-49DE-AEC4-6FE4C0CDFC93}
	EndGlobalSection
EndGlobal
